
Microsoft Visual Studio Solution File, Format Version 12.00
# Visual Studio 15
VisualStudioVersion = 15.0.28307.106
MinimumVisualStudioVersion = 10.0.40219.1
Project("{FAE04EC0-301F-11D3-BF4B-00C04F79EFBC}") = "Hotel.Web.UI", "WebProje\Hotel.Web.UI.csproj", "{2CA27E79-230A-4437-A0CF-06C2D73EEECB}"
EndProject
Project("{FAE04EC0-301F-11D3-BF4B-00C04F79EFBC}") = "Hotel.BI", "Hotel.BI\Hotel.BI.csproj", "{6FBD9D43-3E4F-474C-AA61-07124AD45C9A}"
EndProject
Project("{FAE04EC0-301F-11D3-BF4B-00C04F79EFBC}") = "Hotel.Model", "Hotel.Model\Hotel.Model.csproj", "{3895D37D-7818-4629-A51D-C2497B2ED83B}"
EndProject
Global
	GlobalSection(SolutionConfigurationPlatforms) = preSolution
		Debug|Any CPU = Debug|Any CPU
		Release|Any CPU = Release|Any CPU
	EndGlobalSection
	GlobalSection(ProjectConfigurationPlatforms) = postSolution
		{2CA27E79-230A-4437-A0CF-06C2D73EEECB}.Debug|Any CPU.ActiveCfg = Debug|Any CPU
		{2CA27E79-230A-4437-A0CF-06C2D73EEECB}.Debug|Any CPU.Build.0 = Debug|Any CPU
		{2CA27E79-230A-4437-A0CF-06C2D73EEECB}.Release|Any CPU.ActiveCfg = Release|Any CPU
		{2CA27E79-230A-4437-A0CF-06C2D73EEECB}.Release|Any CPU.Build.0 = Release|Any CPU
		{6FBD9D43-3E4F-474C-AA61-07124AD45C9A}.Debug|Any CPU.ActiveCfg = Debug|Any CPU
		{6FBD9D43-3E4F-474C-AA61-07124AD45C9A}.Debug|Any CPU.Build.0 = Debug|Any CPU
		{6FBD9D43-3E4F-474C-AA61-07124AD45C9A}.Release|Any CPU.ActiveCfg = Release|Any CPU
		{6FBD9D43-3E4F-474C-AA61-07124AD45C9A}.Release|Any CPU.Build.0 = Release|Any CPU
		{3895D37D-7818-4629-A51D-C2497B2ED83B}.Debug|Any CPU.ActiveCfg = Debug|Any CPU
		{3895D37D-7818-4629-A51D-C2497B2ED83B}.Debug|Any CPU.Build.0 = Debug|Any CPU
		{3895D37D-7818-4629-A51D-C2497B2ED83B}.Release|Any CPU.ActiveCfg = Release|Any CPU
		{3895D37D-7818-4629-A51D-C2497B2ED83B}.Release|Any CPU.Build.0 = Release|Any CPU
	EndGlobalSection
	GlobalSection(SolutionProperties) = preSolution
		HideSolutionNode = FALSE
	EndGlobalSection
	GlobalSection(ExtensibilityGlobals) = postSolution
		SolutionGuid = {1B716794-F3CC-4CA5-B1F9-E5652AB6D896}
	EndGlobalSection
EndGlobal
